{
  "name": "prod-test",
  "version": "1.0.0",
  "lockfileVersion": 3,
  "requires": true,
  "packages": {
    "": {
      "name": "prod-test",
      "version": "1.0.0",
      "license": "ISC",
      "dependencies": {
        "@ferjssilva/fast-crud-api": "^0.0.1"
      }
    },
    "node_modules/@ferjssilva/fast-crud-api": {
      "version": "0.0.1",
      "resolved": "https://registry.npmjs.org/@ferjssilva/fast-crud-api/-/fast-crud-api-0.0.1.tgz",
      "integrity": "sha512-Zu6bBdwIVbrv6K4IjUl0uVDIChb6XRxqLca9hWL/QnVqEXiT0n9fVVtbXswp+JfAvisRKG1IBKQwMGq6xh6lpQ==",
      "license": "ISC"
    }
  }
}
